
Microsoft Visual Studio Solution File, Format Version 12.00
# Visual Studio 15
Project("{FAE04EC0-301F-11D3-BF4B-00C04F79EFBC}") = "Xamarin.Forms.DragView", "Xamarin.Forms.DragView\Xamarin.Forms.DragView.csproj", "{4D78EFCB-A06C-44C4-B636-D87C44567BDD}"
EndProject
Global
	GlobalSection(SolutionConfigurationPlatforms) = preSolution
		Debug|Any CPU = Debug|Any CPU
		Release|Any CPU = Release|Any CPU
	EndGlobalSection
	GlobalSection(ProjectConfigurationPlatforms) = postSolution
		{4D78EFCB-A06C-44C4-B636-D87C44567BDD}.Debug|Any CPU.ActiveCfg = Debug|Any CPU
		{4D78EFCB-A06C-44C4-B636-D87C44567BDD}.Debug|Any CPU.Build.0 = Debug|Any CPU
		{4D78EFCB-A06C-44C4-B636-D87C44567BDD}.Release|Any CPU.ActiveCfg = Release|Any CPU
		{4D78EFCB-A06C-44C4-B636-D87C44567BDD}.Release|Any CPU.Build.0 = Release|Any CPU
	EndGlobalSection
EndGlobal
